{
  "name": "zoumacros",
  "version": "1.0.0",
  "lockfileVersion": 3,
  "requires": true,
  "packages": {
    "": {
      "name": "zoumacros",
      "version": "1.0.0",
      "license": "ISC",
      "devDependencies": {
        "zoumacros": "github:AndiKod/zoumacros"
      }
    },
    "node_modules/zoumacros": {
      "version": "1.0.0",
      "resolved": "git+ssh://git@github.com/AndiKod/zoumacros.git#8ffaf39b11890768893ce2f83d31008c7be349e1",
      "dev": true,
      "license": "ISC"
    }
  }
}
